alembic==1.16.4
annotated-doc==0.0.5
annotated-types==0.8.0
anyio==4.14.2
asgiref==3.12.1
asyncpg==0.30.0
attrs==26.1.0
boolean.py==5.0
boto3==1.43.78
botocore==1.43.78
CacheControl==0.14.4
certifi==2026.7.22
cffi==2.1.1
charset-normalizer==3.5.1
click==8.4.2
cryptography==50.0.0
cyclonedx-python-lib==9.1.0
defusedxml==0.7.1
fastapi==0.141.1
filelock==3.32.3
googleapis-common-protos==1.75.1
greenlet==3.5.5
h11==0.16.0
httpcore==1.0.9
httpx==0.28.1
idna==3.19
iniconfig==2.3.0
jmespath==1.1.0
jsonschema==4.25.1
jsonschema-specifications==2025.9.1
license-expression==30.4.4
Mako==1.4.1
markdown-it-py==4.2.0
MarkupSafe==3.0.3
mdurl==0.1.2
msgpack==1.2.1
mypy==1.17.1
mypy_extensions==1.1.0
nexus-rpc==1.4.0
opentelemetry-api==1.44.0
opentelemetry-exporter-otlp-proto-common==1.44.0
opentelemetry-exporter-otlp-proto-http==1.44.0
opentelemetry-instrumentation==0.65b0
opentelemetry-instrumentation-asgi==0.65b0
opentelemetry-instrumentation-fastapi==0.65b0
opentelemetry-instrumentation-logging==0.65b0
opentelemetry-instrumentation-sqlalchemy==0.65b0
opentelemetry-proto==1.44.0
opentelemetry-sdk==1.44.0
opentelemetry-semantic-conventions==0.65b0
opentelemetry-util-http==0.65b0
packageurl-python==0.17.6
packaging==26.3
pathspec==1.1.1
pip-api==0.0.34
pip-requirements-parser==32.0.1
pip_audit==2.9.0
platformdirs==4.11.3
pluggy==1.6.0
protobuf==7.36.0
py-serializable==2.1.0
pydantic==2.11.7
pydantic-settings==2.10.1
pydantic_core==2.33.2
pycparser==3.0
PyJWT==2.13.0
Pygments==2.21.0
pyparsing==3.3.2
pytest==8.4.1
pytest-asyncio==1.1.0
python-dateutil==2.9.0.post0
python-dotenv==1.2.3
redis==6.4.0
referencing==0.37.0
requests==2.34.2
rich==15.0.0
rpds-py==2026.6.3
ruff==0.12.10
s3transfer==0.19.2
six==1.17.0
sortedcontainers==2.4.0
SQLAlchemy==2.0.43
starlette==1.6.0
temporalio==1.31.0
toml==0.10.2
types-protobuf==7.35.1.20260823
typing-inspection==0.4.4
typing_extensions==4.16.0
urllib3==2.7.0
uvicorn==0.35.0
wrapt==2.3.0
